
Microsoft Visual Studio Solution File, Format Version 12.00
# Visual Studio Version 17
VisualStudioVersion = 17.5.002.0
MinimumVisualStudioVersion = 10.0.40219.1
Project("{9A19103F-16F7-4668-BE54-9A1E7A4F7556}") = "MovieApi", "MovieApi\MovieApi.csproj", "{B62E2EA1-9594-485E-8A68-CC9CF163F143}"
EndProject
Global
	GlobalSection(SolutionConfigurationPlatforms) = preSolution
		Debug|Any CPU = Debug|Any CPU
		Release|Any CPU = Release|Any CPU
	EndGlobalSection
	GlobalSection(ProjectConfigurationPlatforms) = postSolution
		{B62E2EA1-9594-485E-8A68-CC9CF163F143}.Debug|Any CPU.ActiveCfg = Debug|Any CPU
		{B62E2EA1-9594-485E-8A68-CC9CF163F143}.Debug|Any CPU.Build.0 = Debug|Any CPU
		{B62E2EA1-9594-485E-8A68-CC9CF163F143}.Release|Any CPU.ActiveCfg = Release|Any CPU
		{B62E2EA1-9594-485E-8A68-CC9CF163F143}.Release|Any CPU.Build.0 = Release|Any CPU
	EndGlobalSection
	GlobalSection(SolutionProperties) = preSolution
		HideSolutionNode = FALSE
	EndGlobalSection
	GlobalSection(ExtensibilityGlobals) = postSolution
		SolutionGuid = {CAE91478-855B-4BCE-8C91-A4934044B060}
	EndGlobalSection
EndGlobal
